
Microsoft Visual Studio Solution File, Format Version 12.00
# Visual Studio Version 16
VisualStudioVersion = 16.0.33423.256
MinimumVisualStudioVersion = 10.0.40219.1
Project("{FAE04EC0-301F-11D3-BF4B-00C04F79EFBC}") = "Itea_pro1", "Itea_pro1\Itea_pro1.csproj", "{84710B75-3B94-4D92-822D-CA568924FAE0}"
EndProject
Global
	GlobalSection(SolutionConfigurationPlatforms) = preSolution
		Debug|Any CPU = Debug|Any CPU
		Release|Any CPU = Release|Any CPU
	EndGlobalSection
	GlobalSection(ProjectConfigurationPlatforms) = postSolution
		{84710B75-3B94-4D92-822D-CA568924FAE0}.Debug|Any CPU.ActiveCfg = Debug|Any CPU
		{84710B75-3B94-4D92-822D-CA568924FAE0}.Debug|Any CPU.Build.0 = Debug|Any CPU
		{84710B75-3B94-4D92-822D-CA568924FAE0}.Release|Any CPU.ActiveCfg = Release|Any CPU
		{84710B75-3B94-4D92-822D-CA568924FAE0}.Release|Any CPU.Build.0 = Release|Any CPU
	EndGlobalSection
	GlobalSection(SolutionProperties) = preSolution
		HideSolutionNode = FALSE
	EndGlobalSection
	GlobalSection(ExtensibilityGlobals) = postSolution
		SolutionGuid = {E95349BE-328F-413C-AB99-50745C9BDE76}
	EndGlobalSection
EndGlobal
